
Microsoft Visual Studio Solution File, Format Version 12.00
# Visual Studio Version 17
VisualStudioVersion = 17.5.002.0
MinimumVisualStudioVersion = 10.0.40219.1
Project("{9A19103F-16F7-4668-BE54-9A1E7A4F7556}") = "DesafioPOO", "trilha-net-poo-desafio-main\DesafioPOO.csproj", "{BCE26D8A-732D-47B9-8149-C1335DE3B1DD}"
EndProject
Global
	GlobalSection(SolutionConfigurationPlatforms) = preSolution
		Debug|Any CPU = Debug|Any CPU
		Release|Any CPU = Release|Any CPU
	EndGlobalSection
	GlobalSection(ProjectConfigurationPlatforms) = postSolution
		{BCE26D8A-732D-47B9-8149-C1335DE3B1DD}.Debug|Any CPU.ActiveCfg = Debug|Any CPU
		{BCE26D8A-732D-47B9-8149-C1335DE3B1DD}.Debug|Any CPU.Build.0 = Debug|Any CPU
		{BCE26D8A-732D-47B9-8149-C1335DE3B1DD}.Release|Any CPU.ActiveCfg = Release|Any CPU
		{BCE26D8A-732D-47B9-8149-C1335DE3B1DD}.Release|Any CPU.Build.0 = Release|Any CPU
	EndGlobalSection
	GlobalSection(SolutionProperties) = preSolution
		HideSolutionNode = FALSE
	EndGlobalSection
	GlobalSection(ExtensibilityGlobals) = postSolution
		SolutionGuid = {BA2A2D09-B4E3-47A2-BA8C-C5D27A893891}
	EndGlobalSection
EndGlobal
